{
  "name": "@opensession/design-system",
  "version": "0.1.2",
  "lockfileVersion": 3,
  "requires": true,
  "packages": {
    "": {
      "name": "@opensession/design-system",
      "version": "0.1.2",
      "license": "SEE LICENSE IN LICENSE",
      "devDependencies": {
        "tailwindcss": "^4.0.0",
        "typescript": "^5.6.0"
      },
      "peerDependencies": {
        "tailwindcss": "^4.0.0"
      }
    },
    "node_modules/tailwindcss": {
      "version": "4.3.0",
      "resolved": "https://registry.npmjs.org/tailwindcss/-/tailwindcss-4.3.0.tgz",
      "integrity": "sha512-y6nxMGB1nMW9R6k96e5gdIFzcfL/gTJRNaqGes1YvkLnPVXzWgbqFF2yLC0T8G774n24cx3Pe8XrKoniCOAH+Q==",
      "dev": true,
      "license": "MIT"
    },
    "node_modules/typescript": {
      "version": "5.9.3",
      "resolved": "https://registry.npmjs.org/typescript/-/typescript-5.9.3.tgz",
      "integrity": "sha512-jl1vZzPDinLr9eUt3J/t7V6FgNEw9QjvBPdysz9KfQDD41fQrC2Y4vKQdiaUpFT4bXlb1RHhLpp8wtm6M5TgSw==",
      "dev": true,
      "license": "Apache-2.0",
      "bin": {
        "tsc": "bin/tsc",
        "tsserver": "bin/tsserver"
      },
      "engines": {
        "node": ">=14.17"
      }
    }
  }
}
